{
  "version": 4,
  "terraform_version": "1.6.4",
  "serial": 29,
  "lineage": "0e16688f-0758-1207-2603-a487b416669e",
  "outputs": {
    "pet_name": {
      "value": "MR.spaniel",
      "type": "string"
    }
  },
  "resources": [
    {
      "mode": "managed",
      "type": "local_file",
      "name": "my_pet",
      "provider": "provider[\"registry.terraform.io/hashicorp/local\"]",
      "instances": [
        {
          "schema_version": 0,
          "attributes": {
            "content": "my name is MR.spaniel",
            "content_base64": null,
            "content_base64sha256": "pqI+ObZa5BFVOt59d+tr2m0aMY6tnsqkE2rw5zjwF38=",
            "content_base64sha512": "heU92yHSpILXX6OWrf3l13UInlSVII4jUclMr3r1kYbMIr96hOZT2NuMfQTuvlE7A+5cGjlhw1hIhbjxYac30w==",
            "content_md5": "64c650aa29d846f13513d6bca00b1930",
            "content_sha1": "d59b8596c9419491def54aade5a60af0fda6d586",
            "content_sha256": "a6a23e39b65ae411553ade7d77eb6bda6d1a318ead9ecaa4136af0e738f0177f",
            "content_sha512": "85e53ddb21d2a482d75fa396adfde5d775089e5495208e2351c94caf7af59186cc22bf7a84e653d8db8c7d04eebe513b03ee5c1a3961c3584885b8f161a737d3",
            "directory_permission": "0777",
            "file_permission": "0777",
            "filename": "pavi.txt",
            "id": "d59b8596c9419491def54aade5a60af0fda6d586",
            "sensitive_content": null,
            "source": null
          },
          "sensitive_attributes": [],
          "dependencies": [
            "random_pet.petname"
          ]
        }
      ]
    },
    {
      "mode": "managed",
      "type": "random_pet",
      "name": "petname",
      "provider": "provider[\"registry.terraform.io/hashicorp/random\"]",
      "instances": [
        {
          "schema_version": 0,
          "attributes": {
            "id": "MR.spaniel",
            "keepers": null,
            "length": 1,
            "prefix": "MR",
            "separator": "."
          },
          "sensitive_attributes": []
        }
      ]
    }
  ],
  "check_results": null
}
